<Solution>
  <Folder Name="/samples/">
    <Project Path="samples/HayateOP.Samples.Endpoints/HayateOP.Samples.Endpoints.csproj" />
    <Project Path="samples/HayateOP.Samples/HayateOP.Samples.csproj" />
  </Folder>
  <Folder Name="/src/">
    <Project Path="src/HayateOP.Extensions.DependencyInjection/HayateOP.Extensions.DependencyInjection.csproj" />
    <Project Path="src/HayateOP.Extensions.Diagnostics/HayateOP.Extensions.Diagnostics.csproj" />
    <Project Path="src/HayateOP.Extensions.Endpoints/HayateOP.Extensions.Endpoints.csproj" />
    <Project Path="src/HayateOP.Extensions.HealthCheck/HayateOP.Extensions.HealthCheck.csproj" />
    <Project Path="src/HayateOP/HayateOP.csproj" />
  </Folder>
  <Folder Name="/tests/">
    <Project Path="tests/HayateOP.Benchmarks/HayateOP.Benchmarks.csproj" />
    <Project Path="tests/HayateOP.PressureTests/HayateOP.PressureTests.csproj" />
    <Project Path="tests/HayateOP.Tests/HayateOP.Tests.csproj" />
  </Folder>
</Solution>
